%{
  "file_only_logger": {:hex, :file_only_logger, "0.2.25", "8852a7d8a4d358abbc7c54da8fec007e6c8ddee2d38a208caa4c1fbcca690cd9", [:mix], [{:persist_config, "~> 0.4", [hex: :persist_config, repo: "hexpm", optional: false]}], "hexpm", "ad7e9542128b5c1a4231226731f45033acdcab21f092ecc3dd331f4065faf78c"},
  "io_ansi_plus": {:hex, :io_ansi_plus, "0.1.58", "f147370d7b6777e4f544241ceea24c57bbd5bcd0f8f0441ca043e0a8206f462b", [:mix], [{:persist_config, "~> 0.4", [hex: :persist_config, repo: "hexpm", optional: false]}], "hexpm", "648b7baa95f0bc1feefed5b3a9cae9d6115a004dae13d18e331cdd8743def5c2"},
  "io_ansi_table": {:hex, :io_ansi_table, "1.0.32", "a35cce1fd6876224bad49d1e5ca197374c5b76906508e23b63c96f79f8172645", [:mix], [{:file_only_logger, "~> 0.2", [hex: :file_only_logger, repo: "hexpm", optional: false]}, {:io_ansi_plus, "~> 0.1", [hex: :io_ansi_plus, repo: "hexpm", optional: false]}, {:log_reset, "~> 0.1", [hex: :log_reset, repo: "hexpm", optional: false]}, {:map_sorter, "~> 0.2", [hex: :map_sorter, repo: "hexpm", optional: false]}, {:persist_config, "~> 0.4", [hex: :persist_config, repo: "hexpm", optional: false]}], "hexpm", "be8bd880b2b2ff09470f1b930ffa58f42ebd0404a9d51b25ed39ed1e1d437a69"},
  "log_reset": {:hex, :log_reset, "0.1.58", "b796e00fa173e1036d6942add571f8b1be1b2187a85b079a4d4d140546422ca3", [:mix], [{:file_only_logger, "~> 0.2", [hex: :file_only_logger, repo: "hexpm", optional: false]}, {:persist_config, "~> 0.4", [hex: :persist_config, repo: "hexpm", optional: false]}], "hexpm", "733d47258339570f50940c7e985ddc08a336fd610eb34159a487f70b11b8a497"},
  "map_sorter": {:hex, :map_sorter, "0.2.65", "3890d2149bea064023a486e5e1d299fc8af78986bab38bd8b27bae12159f389d", [:mix], [{:file_only_logger, "~> 0.2", [hex: :file_only_logger, repo: "hexpm", optional: false]}, {:log_reset, "~> 0.1", [hex: :log_reset, repo: "hexpm", optional: false]}, {:persist_config, "~> 0.4", [hex: :persist_config, repo: "hexpm", optional: false]}], "hexpm", "9407cb6fc9b673e8098ec6c7799ff66592f17f431099ba50d55048c159deb6d4"},
  "persist_config": {:hex, :persist_config, "0.4.31", "f4b2cffcf04fda413d22aaac95eae99a17166b2750eac14cb83bf7be9d0d6d62", [:mix], [], "hexpm", "796af5e8e1be27f00acf4af77d04cdf40dbc8c17cb4d1d7c462673e9b8ed3ed5"},
}
